
Microsoft Visual Studio Solution File, Format Version 12.00
# Visual Studio Version 17
VisualStudioVersion = 17.9.34701.34
MinimumVisualStudioVersion = 10.0.40219.1
Project("{9A19103F-16F7-4668-BE54-9A1E7A4F7556}") = "CarRental", "CarRental\CarRental.csproj", "{62897869-28F2-4482-BC21-0D1BE8D5A9B7}"
EndProject
Project("{FAE04EC0-301F-11D3-BF4B-00C04F79EFBC}") = "CRCQRS.Domain", "CRCQRS.Domain\CRCQRS.Domain.csproj", "{B0D9EC1F-3E2D-4299-BDC7-30AA337212C2}"
EndProject
Project("{FAE04EC0-301F-11D3-BF4B-00C04F79EFBC}") = "CRCQRS.Infrastructure", "CRCQRS.Infrastructure\CRCQRS.Infrastructure.csproj", "{D7309A0C-D2A4-4403-AA37-5A0C1C19EB34}"
EndProject
Project("{FAE04EC0-301F-11D3-BF4B-00C04F79EFBC}") = "CRCQRS.Application", "CRCQRS.Application\CRCQRS.Application.csproj", "{CFD17B9F-B372-4F43-ADE7-FE87AEA4C153}"
EndProject
Project("{FAE04EC0-301F-11D3-BF4B-00C04F79EFBC}") = "CRCQRS.Common", "CRCQRS.Common\CRCQRS.Common.csproj", "{8692E1A5-7F91-4293-94AB-D38263021CBA}"
EndProject
Project("{FAE04EC0-301F-11D3-BF4B-00C04F79EFBC}") = "CRCQRS.API", "CRCQRS.API\CRCQRS.API.csproj", "{F4FD55E0-CFCA-496A-857F-12667DDEE0D7}"
EndProject
Project("{FAE04EC0-301F-11D3-BF4B-00C04F79EFBC}") = "CRCQRS.DTO", "CRCQRS.DTO\CRCQRS.DTO.csproj", "{C14518E9-A600-4EC2-A5A1-A9D4877E9E31}"
EndProject
Global
	GlobalSection(SolutionConfigurationPlatforms) = preSolution
		Debug|Any CPU = Debug|Any CPU
		Release|Any CPU = Release|Any CPU
	EndGlobalSection
	GlobalSection(ProjectConfigurationPlatforms) = postSolution
		{62897869-28F2-4482-BC21-0D1BE8D5A9B7}.Debug|Any CPU.ActiveCfg = Debug|Any CPU
		{62897869-28F2-4482-BC21-0D1BE8D5A9B7}.Debug|Any CPU.Build.0 = Debug|Any CPU
		{62897869-28F2-4482-BC21-0D1BE8D5A9B7}.Release|Any CPU.ActiveCfg = Release|Any CPU
		{62897869-28F2-4482-BC21-0D1BE8D5A9B7}.Release|Any CPU.Build.0 = Release|Any CPU
		{B0D9EC1F-3E2D-4299-BDC7-30AA337212C2}.Debug|Any CPU.ActiveCfg = Debug|Any CPU
		{B0D9EC1F-3E2D-4299-BDC7-30AA337212C2}.Debug|Any CPU.Build.0 = Debug|Any CPU
		{B0D9EC1F-3E2D-4299-BDC7-30AA337212C2}.Release|Any CPU.ActiveCfg = Release|Any CPU
		{B0D9EC1F-3E2D-4299-BDC7-30AA337212C2}.Release|Any CPU.Build.0 = Release|Any CPU
		{D7309A0C-D2A4-4403-AA37-5A0C1C19EB34}.Debug|Any CPU.ActiveCfg = Debug|Any CPU
		{D7309A0C-D2A4-4403-AA37-5A0C1C19EB34}.Debug|Any CPU.Build.0 = Debug|Any CPU
		{D7309A0C-D2A4-4403-AA37-5A0C1C19EB34}.Release|Any CPU.ActiveCfg = Release|Any CPU
		{D7309A0C-D2A4-4403-AA37-5A0C1C19EB34}.Release|Any CPU.Build.0 = Release|Any CPU
		{CFD17B9F-B372-4F43-ADE7-FE87AEA4C153}.Debug|Any CPU.ActiveCfg = Debug|Any CPU
		{CFD17B9F-B372-4F43-ADE7-FE87AEA4C153}.Debug|Any CPU.Build.0 = Debug|Any CPU
		{CFD17B9F-B372-4F43-ADE7-FE87AEA4C153}.Release|Any CPU.ActiveCfg = Release|Any CPU
		{CFD17B9F-B372-4F43-ADE7-FE87AEA4C153}.Release|Any CPU.Build.0 = Release|Any CPU
		{8692E1A5-7F91-4293-94AB-D38263021CBA}.Debug|Any CPU.ActiveCfg = Debug|Any CPU
		{8692E1A5-7F91-4293-94AB-D38263021CBA}.Debug|Any CPU.Build.0 = Debug|Any CPU
		{8692E1A5-7F91-4293-94AB-D38263021CBA}.Release|Any CPU.ActiveCfg = Release|Any CPU
		{8692E1A5-7F91-4293-94AB-D38263021CBA}.Release|Any CPU.Build.0 = Release|Any CPU
		{F4FD55E0-CFCA-496A-857F-12667DDEE0D7}.Debug|Any CPU.ActiveCfg = Debug|Any CPU
		{F4FD55E0-CFCA-496A-857F-12667DDEE0D7}.Debug|Any CPU.Build.0 = Debug|Any CPU
		{F4FD55E0-CFCA-496A-857F-12667DDEE0D7}.Release|Any CPU.ActiveCfg = Release|Any CPU
		{F4FD55E0-CFCA-496A-857F-12667DDEE0D7}.Release|Any CPU.Build.0 = Release|Any CPU
		{C14518E9-A600-4EC2-A5A1-A9D4877E9E31}.Debug|Any CPU.ActiveCfg = Debug|Any CPU
		{C14518E9-A600-4EC2-A5A1-A9D4877E9E31}.Debug|Any CPU.Build.0 = Debug|Any CPU
		{C14518E9-A600-4EC2-A5A1-A9D4877E9E31}.Release|Any CPU.ActiveCfg = Release|Any CPU
		{C14518E9-A600-4EC2-A5A1-A9D4877E9E31}.Release|Any CPU.Build.0 = Release|Any CPU
	EndGlobalSection
	GlobalSection(SolutionProperties) = preSolution
		HideSolutionNode = FALSE
	EndGlobalSection
	GlobalSection(ExtensibilityGlobals) = postSolution
		SolutionGuid = {4DAE451D-4BD5-4669-988B-5D38DD5515C0}
	EndGlobalSection
EndGlobal
